
Microsoft Visual Studio Solution File, Format Version 12.00
# Visual Studio 15
VisualStudioVersion = 15.0.27428.2027
MinimumVisualStudioVersion = 10.0.40219.1
Project("{FAE04EC0-301F-11D3-BF4B-00C04F79EFBC}") = "TrabalhandoComCombobox", "TrabalhandoComCombobox\TrabalhandoComCombobox.csproj", "{C668FEC1-7F6D-46AB-A017-4240E2A2C913}"
EndProject
Global
	GlobalSection(SolutionConfigurationPlatforms) = preSolution
		Debug|Any CPU = Debug|Any CPU
		Release|Any CPU = Release|Any CPU
	EndGlobalSection
	GlobalSection(ProjectConfigurationPlatforms) = postSolution
		{C668FEC1-7F6D-46AB-A017-4240E2A2C913}.Debug|Any CPU.ActiveCfg = Debug|Any CPU
		{C668FEC1-7F6D-46AB-A017-4240E2A2C913}.Debug|Any CPU.Build.0 = Debug|Any CPU
		{C668FEC1-7F6D-46AB-A017-4240E2A2C913}.Release|Any CPU.ActiveCfg = Release|Any CPU
		{C668FEC1-7F6D-46AB-A017-4240E2A2C913}.Release|Any CPU.Build.0 = Release|Any CPU
	EndGlobalSection
	GlobalSection(SolutionProperties) = preSolution
		HideSolutionNode = FALSE
	EndGlobalSection
	GlobalSection(ExtensibilityGlobals) = postSolution
		SolutionGuid = {19B19B50-64EF-46A4-A080-35473EA57571}
	EndGlobalSection
EndGlobal
