
Microsoft Visual Studio Solution File, Format Version 12.00
# Visual Studio 15
VisualStudioVersion = 15.0.27428.2027
MinimumVisualStudioVersion = 10.0.40219.1
Project("{FAE04EC0-301F-11D3-BF4B-00C04F79EFBC}") = "appLoja", "appLoja\appLoja.csproj", "{C18B0AD7-E792-46DB-8582-F23F587C5123}"
EndProject
Global
	GlobalSection(SolutionConfigurationPlatforms) = preSolution
		Debug|Any CPU = Debug|Any CPU
		Release|Any CPU = Release|Any CPU
	EndGlobalSection
	GlobalSection(ProjectConfigurationPlatforms) = postSolution
		{C18B0AD7-E792-46DB-8582-F23F587C5123}.Debug|Any CPU.ActiveCfg = Debug|Any CPU
		{C18B0AD7-E792-46DB-8582-F23F587C5123}.Debug|Any CPU.Build.0 = Debug|Any CPU
		{C18B0AD7-E792-46DB-8582-F23F587C5123}.Release|Any CPU.ActiveCfg = Release|Any CPU
		{C18B0AD7-E792-46DB-8582-F23F587C5123}.Release|Any CPU.Build.0 = Release|Any CPU
	EndGlobalSection
	GlobalSection(SolutionProperties) = preSolution
		HideSolutionNode = FALSE
	EndGlobalSection
	GlobalSection(ExtensibilityGlobals) = postSolution
		SolutionGuid = {20CB9269-D01D-46F8-A5D8-18D38698A50A}
	EndGlobalSection
EndGlobal
