
Microsoft Visual Studio Solution File, Format Version 12.00
# Visual Studio 15
VisualStudioVersion = 15.0.27428.2027
MinimumVisualStudioVersion = 10.0.40219.1
Project("{9A19103F-16F7-4668-BE54-9A1E7A4F7556}") = "Encapsulamento", "ConsoleApp_OO_Encapsulamento\Encapsulamento.csproj", "{BD29CE0E-1CEA-4C33-AFEB-06DBE4311708}"
EndProject
Global
	GlobalSection(SolutionConfigurationPlatforms) = preSolution
		Debug|Any CPU = Debug|Any CPU
		Release|Any CPU = Release|Any CPU
	EndGlobalSection
	GlobalSection(ProjectConfigurationPlatforms) = postSolution
		{BD29CE0E-1CEA-4C33-AFEB-06DBE4311708}.Debug|Any CPU.ActiveCfg = Debug|Any CPU
		{BD29CE0E-1CEA-4C33-AFEB-06DBE4311708}.Debug|Any CPU.Build.0 = Debug|Any CPU
		{BD29CE0E-1CEA-4C33-AFEB-06DBE4311708}.Release|Any CPU.ActiveCfg = Release|Any CPU
		{BD29CE0E-1CEA-4C33-AFEB-06DBE4311708}.Release|Any CPU.Build.0 = Release|Any CPU
	EndGlobalSection
	GlobalSection(SolutionProperties) = preSolution
		HideSolutionNode = FALSE
	EndGlobalSection
	GlobalSection(ExtensibilityGlobals) = postSolution
		SolutionGuid = {DE68E81F-7101-4845-80A2-92FE224350EA}
	EndGlobalSection
EndGlobal
