
Microsoft Visual Studio Solution File, Format Version 12.00
# Visual Studio 15
VisualStudioVersion = 15.0.27428.2027
MinimumVisualStudioVersion = 10.0.40219.1
Project("{FAE04EC0-301F-11D3-BF4B-00C04F79EFBC}") = "Construtor", "Construtor\Construtor.csproj", "{D28BFD6B-68F7-4A6D-9839-74F0A2029282}"
EndProject
Global
	GlobalSection(SolutionConfigurationPlatforms) = preSolution
		Debug|Any CPU = Debug|Any CPU
		Release|Any CPU = Release|Any CPU
	EndGlobalSection
	GlobalSection(ProjectConfigurationPlatforms) = postSolution
		{D28BFD6B-68F7-4A6D-9839-74F0A2029282}.Debug|Any CPU.ActiveCfg = Debug|Any CPU
		{D28BFD6B-68F7-4A6D-9839-74F0A2029282}.Debug|Any CPU.Build.0 = Debug|Any CPU
		{D28BFD6B-68F7-4A6D-9839-74F0A2029282}.Release|Any CPU.ActiveCfg = Release|Any CPU
		{D28BFD6B-68F7-4A6D-9839-74F0A2029282}.Release|Any CPU.Build.0 = Release|Any CPU
	EndGlobalSection
	GlobalSection(SolutionProperties) = preSolution
		HideSolutionNode = FALSE
	EndGlobalSection
	GlobalSection(ExtensibilityGlobals) = postSolution
		SolutionGuid = {D81FBF21-3E3E-4594-B47C-CAF54DB63082}
	EndGlobalSection
EndGlobal
