
Microsoft Visual Studio Solution File, Format Version 12.00
# Visual Studio 15
VisualStudioVersion = 15.0.27428.2037
MinimumVisualStudioVersion = 10.0.40219.1
Project("{FAE04EC0-301F-11D3-BF4B-00C04F79EFBC}") = "LinqComJoin", "LinqComJoin\LinqComJoin.csproj", "{97616EFE-46C8-4B0B-9718-6750C51759E5}"
EndProject
Global
	GlobalSection(SolutionConfigurationPlatforms) = preSolution
		Debug|Any CPU = Debug|Any CPU
		Release|Any CPU = Release|Any CPU
	EndGlobalSection
	GlobalSection(ProjectConfigurationPlatforms) = postSolution
		{97616EFE-46C8-4B0B-9718-6750C51759E5}.Debug|Any CPU.ActiveCfg = Debug|Any CPU
		{97616EFE-46C8-4B0B-9718-6750C51759E5}.Debug|Any CPU.Build.0 = Debug|Any CPU
		{97616EFE-46C8-4B0B-9718-6750C51759E5}.Release|Any CPU.ActiveCfg = Release|Any CPU
		{97616EFE-46C8-4B0B-9718-6750C51759E5}.Release|Any CPU.Build.0 = Release|Any CPU
	EndGlobalSection
	GlobalSection(SolutionProperties) = preSolution
		HideSolutionNode = FALSE
	EndGlobalSection
	GlobalSection(ExtensibilityGlobals) = postSolution
		SolutionGuid = {D0191123-53EE-4CAE-8A9F-B785E15381B4}
	EndGlobalSection
EndGlobal
